dependencies:
- name: mcord-subscriber
  repository: file://../../xos-services/mcord-subscriber
  version: 2.0.5
- name: onos-service
  repository: file://../../xos-services/onos-service
  version: 2.1.3
- name: fabric
  repository: file://../../xos-services/fabric
  version: 2.2.2
- name: vrouter
  repository: file://../../xos-services/vrouter
  version: 2.1.0
- name: progran
  repository: file://../../xos-services/progran
  version: 2.0.8
digest: sha256:396209200c63156acbb4c134aebdf74718f7b4bdbb52e7331ee76427d68b66f1
generated: "2019-10-24T17:51:47.423236503Z"
